
Microsoft Visual Studio Solution File, Format Version 12.00
# Visual Studio Version 17
VisualStudioVersion = 17.8.34408.163
MinimumVisualStudioVersion = 10.0.40219.1
Project("{9A19103F-16F7-4668-BE54-9A1E7A4F7556}") = "AspNet_Core_Grpc_Service", "AspNet_Core_Grpc_Service\AspNet_Core_Grpc_Service.csproj", "{9C716C82-D516-4148-A839-3FA5468315C2}"
EndProject
Project("{9A19103F-16F7-4668-BE54-9A1E7A4F7556}") = "ConsoleApp_Grpc_Client", "ConsoleApp_Grpc_Client\ConsoleApp_Grpc_Client.csproj", "{B705F45C-709C-409A-80CB-F954B4518414}"
EndProject
Project("{9A19103F-16F7-4668-BE54-9A1E7A4F7556}") = "AspNet_Core_Grpc_Service_Tests", "AspNet_Core_Grpc_Service_Tests\AspNet_Core_Grpc_Service_Tests.csproj", "{5EA157B6-8A1E-4A79-A374-503DF1AA3030}"
EndProject
Project("{2150E333-8FDC-42A3-9474-1A3956D46DE8}") = "Itens de Solução", "Itens de Solução", "{9831889C-3408-4E39-AA14-C400ECA5C731}"
	ProjectSection(SolutionItems) = preProject
		README.md = README.md
	EndProjectSection
EndProject
Global
	GlobalSection(SolutionConfigurationPlatforms) = preSolution
		Debug|Any CPU = Debug|Any CPU
		Release|Any CPU = Release|Any CPU
	EndGlobalSection
	GlobalSection(ProjectConfigurationPlatforms) = postSolution
		{9C716C82-D516-4148-A839-3FA5468315C2}.Debug|Any CPU.ActiveCfg = Debug|Any CPU
		{9C716C82-D516-4148-A839-3FA5468315C2}.Debug|Any CPU.Build.0 = Debug|Any CPU
		{9C716C82-D516-4148-A839-3FA5468315C2}.Release|Any CPU.ActiveCfg = Release|Any CPU
		{9C716C82-D516-4148-A839-3FA5468315C2}.Release|Any CPU.Build.0 = Release|Any CPU
		{B705F45C-709C-409A-80CB-F954B4518414}.Debug|Any CPU.ActiveCfg = Debug|Any CPU
		{B705F45C-709C-409A-80CB-F954B4518414}.Debug|Any CPU.Build.0 = Debug|Any CPU
		{B705F45C-709C-409A-80CB-F954B4518414}.Release|Any CPU.ActiveCfg = Release|Any CPU
		{B705F45C-709C-409A-80CB-F954B4518414}.Release|Any CPU.Build.0 = Release|Any CPU
		{5EA157B6-8A1E-4A79-A374-503DF1AA3030}.Debug|Any CPU.ActiveCfg = Debug|Any CPU
		{5EA157B6-8A1E-4A79-A374-503DF1AA3030}.Debug|Any CPU.Build.0 = Debug|Any CPU
		{5EA157B6-8A1E-4A79-A374-503DF1AA3030}.Release|Any CPU.ActiveCfg = Release|Any CPU
		{5EA157B6-8A1E-4A79-A374-503DF1AA3030}.Release|Any CPU.Build.0 = Release|Any CPU
	EndGlobalSection
	GlobalSection(SolutionProperties) = preSolution
		HideSolutionNode = FALSE
	EndGlobalSection
	GlobalSection(ExtensibilityGlobals) = postSolution
		SolutionGuid = {145BA83A-5D00-455B-8B3D-FB18B9C7C651}
	EndGlobalSection
EndGlobal
